
Microsoft Visual Studio Solution File, Format Version 12.00
# Visual Studio Version 16
VisualStudioVersion = 16.0.33927.289
MinimumVisualStudioVersion = 10.0.40219.1
Project("{2150E333-8FDC-42A3-9474-1A3956D46DE8}") = "Task0", "Task0", "{294A9EDB-96FC-435A-9E6A-EF7657E8B794}"
EndProject
Project("{FAE04EC0-301F-11D3-BF4B-00C04F79EFBC}") = "Tyuiu.ZaripovEO.Sprint5.Task0.V30", "Tyuiu.ZaripovEO.Sprint5.Task0.V30\Tyuiu.ZaripovEO.Sprint5.Task0.V30.csproj", "{4FA716FD-BAFF-4EEC-BD8C-3E385E26C3C1}"
EndProject
Project("{FAE04EC0-301F-11D3-BF4B-00C04F79EFBC}") = "Tyuiu.ZaripovEO.Sprint5.Task0.V30.Test", "Tyuiu.ZaripovEO.Sprint5.Task0.V30.Test\Tyuiu.ZaripovEO.Sprint5.Task0.V30.Test.csproj", "{4AF1FC25-8A15-4E65-BC77-3832EDC9EAF3}"
EndProject
Project("{FAE04EC0-301F-11D3-BF4B-00C04F79EFBC}") = "Tyuiu.ZaripovEO.Sprint5.Task0.V30.Lib", "Tyuiu.ZaripovEO.Sprint5.Task0.V30.Lib\Tyuiu.ZaripovEO.Sprint5.Task0.V30.Lib.csproj", "{8A73FF00-1544-4D3E-9F3C-5CC702BA62F6}"
EndProject
Project("{2150E333-8FDC-42A3-9474-1A3956D46DE8}") = "Task1", "Task1", "{971C0B13-1B03-4A14-B714-D4B6EFE1B420}"
EndProject
Project("{FAE04EC0-301F-11D3-BF4B-00C04F79EFBC}") = "Tyuiu.ZaripovEO.Sprint5.Task1.V3", "Tyuiu.ZaripovEO.Sprint5.Task1.V3\Tyuiu.ZaripovEO.Sprint5.Task1.V3.csproj", "{E9367200-8EEC-492D-BB13-2A08E59CCAD8}"
EndProject
Project("{FAE04EC0-301F-11D3-BF4B-00C04F79EFBC}") = "Tyuiu.ZaripovEO.Sprint5.Task1.V3.Lib", "Tyuiu.ZaripovEO.Sprint5.Task1.V3.Lib\Tyuiu.ZaripovEO.Sprint5.Task1.V3.Lib.csproj", "{0F286366-49CE-4D76-B9E7-E5D90E463B35}"
EndProject
Project("{FAE04EC0-301F-11D3-BF4B-00C04F79EFBC}") = "Tyuiu.ZaripovEO.Sprint5.Task1.V3.Test", "Tyuiu.ZaripovEO.Sprint5.Task1.V3.Test\Tyuiu.ZaripovEO.Sprint5.Task1.V3.Test.csproj", "{1150B919-AAC5-422F-A9D0-444551C9763D}"
EndProject
Project("{2150E333-8FDC-42A3-9474-1A3956D46DE8}") = "Task2", "Task2", "{FB7906C2-D5E3-4BC7-AA15-73A1236EEA8F}"
EndProject
Project("{FAE04EC0-301F-11D3-BF4B-00C04F79EFBC}") = "Tyuiu.ZaripovEO.Sprint5.Task2.V8", "Tyuiu.ZaripovEO.Sprint5.Task2.V8\Tyuiu.ZaripovEO.Sprint5.Task2.V8.csproj", "{5B33FF86-6917-4F64-A8D5-B7C0AA87D6D1}"
EndProject
Project("{FAE04EC0-301F-11D3-BF4B-00C04F79EFBC}") = "Tyuiu.ZaripovEO.Sprint5.Task2.V8.Lib", "Tyuiu.ZaripovEO.Sprint5.Task2.V8.Lib\Tyuiu.ZaripovEO.Sprint5.Task2.V8.Lib.csproj", "{7F9E8C4D-CD10-4CB7-A53B-BF07B67A134B}"
EndProject
Project("{FAE04EC0-301F-11D3-BF4B-00C04F79EFBC}") = "Tyuiu.ZaripovEO.Sprint5.Task2.V8.Test", "Tyuiu.ZaripovEO.Sprint5.Task2.V8.Test\Tyuiu.ZaripovEO.Sprint5.Task2.V8.Test.csproj", "{22D71F52-1503-4AC6-BEFF-7375E56C85A5}"
EndProject
Global
	GlobalSection(SolutionConfigurationPlatforms) = preSolution
		Debug|Any CPU = Debug|Any CPU
		Release|Any CPU = Release|Any CPU
	EndGlobalSection
	GlobalSection(ProjectConfigurationPlatforms) = postSolution
		{4FA716FD-BAFF-4EEC-BD8C-3E385E26C3C1}.Debug|Any CPU.ActiveCfg = Debug|Any CPU
		{4FA716FD-BAFF-4EEC-BD8C-3E385E26C3C1}.Debug|Any CPU.Build.0 = Debug|Any CPU
		{4FA716FD-BAFF-4EEC-BD8C-3E385E26C3C1}.Release|Any CPU.ActiveCfg = Release|Any CPU
		{4FA716FD-BAFF-4EEC-BD8C-3E385E26C3C1}.Release|Any CPU.Build.0 = Release|Any CPU
		{4AF1FC25-8A15-4E65-BC77-3832EDC9EAF3}.Debug|Any CPU.ActiveCfg = Debug|Any CPU
		{4AF1FC25-8A15-4E65-BC77-3832EDC9EAF3}.Debug|Any CPU.Build.0 = Debug|Any CPU
		{4AF1FC25-8A15-4E65-BC77-3832EDC9EAF3}.Release|Any CPU.ActiveCfg = Release|Any CPU
		{4AF1FC25-8A15-4E65-BC77-3832EDC9EAF3}.Release|Any CPU.Build.0 = Release|Any CPU
		{8A73FF00-1544-4D3E-9F3C-5CC702BA62F6}.Debug|Any CPU.ActiveCfg = Debug|Any CPU
		{8A73FF00-1544-4D3E-9F3C-5CC702BA62F6}.Debug|Any CPU.Build.0 = Debug|Any CPU
		{8A73FF00-1544-4D3E-9F3C-5CC702BA62F6}.Release|Any CPU.ActiveCfg = Release|Any CPU
		{8A73FF00-1544-4D3E-9F3C-5CC702BA62F6}.Release|Any CPU.Build.0 = Release|Any CPU
		{E9367200-8EEC-492D-BB13-2A08E59CCAD8}.Debug|Any CPU.ActiveCfg = Debug|Any CPU
		{E9367200-8EEC-492D-BB13-2A08E59CCAD8}.Debug|Any CPU.Build.0 = Debug|Any CPU
		{E9367200-8EEC-492D-BB13-2A08E59CCAD8}.Release|Any CPU.ActiveCfg = Release|Any CPU
		{E9367200-8EEC-492D-BB13-2A08E59CCAD8}.Release|Any CPU.Build.0 = Release|Any CPU
		{0F286366-49CE-4D76-B9E7-E5D90E463B35}.Debug|Any CPU.ActiveCfg = Debug|Any CPU
		{0F286366-49CE-4D76-B9E7-E5D90E463B35}.Debug|Any CPU.Build.0 = Debug|Any CPU
		{0F286366-49CE-4D76-B9E7-E5D90E463B35}.Release|Any CPU.ActiveCfg = Release|Any CPU
		{0F286366-49CE-4D76-B9E7-E5D90E463B35}.Release|Any CPU.Build.0 = Release|Any CPU
		{1150B919-AAC5-422F-A9D0-444551C9763D}.Debug|Any CPU.ActiveCfg = Debug|Any CPU
		{1150B919-AAC5-422F-A9D0-444551C9763D}.Debug|Any CPU.Build.0 = Debug|Any CPU
		{1150B919-AAC5-422F-A9D0-444551C9763D}.Release|Any CPU.ActiveCfg = Release|Any CPU
		{1150B919-AAC5-422F-A9D0-444551C9763D}.Release|Any CPU.Build.0 = Release|Any CPU
		{5B33FF86-6917-4F64-A8D5-B7C0AA87D6D1}.Debug|Any CPU.ActiveCfg = Debug|Any CPU
		{5B33FF86-6917-4F64-A8D5-B7C0AA87D6D1}.Debug|Any CPU.Build.0 = Debug|Any CPU
		{5B33FF86-6917-4F64-A8D5-B7C0AA87D6D1}.Release|Any CPU.ActiveCfg = Release|Any CPU
		{5B33FF86-6917-4F64-A8D5-B7C0AA87D6D1}.Release|Any CPU.Build.0 = Release|Any CPU
		{7F9E8C4D-CD10-4CB7-A53B-BF07B67A134B}.Debug|Any CPU.ActiveCfg = Debug|Any CPU
		{7F9E8C4D-CD10-4CB7-A53B-BF07B67A134B}.Debug|Any CPU.Build.0 = Debug|Any CPU
		{7F9E8C4D-CD10-4CB7-A53B-BF07B67A134B}.Release|Any CPU.ActiveCfg = Release|Any CPU
		{7F9E8C4D-CD10-4CB7-A53B-BF07B67A134B}.Release|Any CPU.Build.0 = Release|Any CPU
		{22D71F52-1503-4AC6-BEFF-7375E56C85A5}.Debug|Any CPU.ActiveCfg = Debug|Any CPU
		{22D71F52-1503-4AC6-BEFF-7375E56C85A5}.Debug|Any CPU.Build.0 = Debug|Any CPU
		{22D71F52-1503-4AC6-BEFF-7375E56C85A5}.Release|Any CPU.ActiveCfg = Release|Any CPU
		{22D71F52-1503-4AC6-BEFF-7375E56C85A5}.Release|Any CPU.Build.0 = Release|Any CPU
	EndGlobalSection
	GlobalSection(SolutionProperties) = preSolution
		HideSolutionNode = FALSE
	EndGlobalSection
	GlobalSection(NestedProjects) = preSolution
		{4FA716FD-BAFF-4EEC-BD8C-3E385E26C3C1} = {294A9EDB-96FC-435A-9E6A-EF7657E8B794}
		{4AF1FC25-8A15-4E65-BC77-3832EDC9EAF3} = {294A9EDB-96FC-435A-9E6A-EF7657E8B794}
		{8A73FF00-1544-4D3E-9F3C-5CC702BA62F6} = {294A9EDB-96FC-435A-9E6A-EF7657E8B794}
		{E9367200-8EEC-492D-BB13-2A08E59CCAD8} = {971C0B13-1B03-4A14-B714-D4B6EFE1B420}
		{0F286366-49CE-4D76-B9E7-E5D90E463B35} = {971C0B13-1B03-4A14-B714-D4B6EFE1B420}
		{1150B919-AAC5-422F-A9D0-444551C9763D} = {971C0B13-1B03-4A14-B714-D4B6EFE1B420}
		{5B33FF86-6917-4F64-A8D5-B7C0AA87D6D1} = {FB7906C2-D5E3-4BC7-AA15-73A1236EEA8F}
		{7F9E8C4D-CD10-4CB7-A53B-BF07B67A134B} = {FB7906C2-D5E3-4BC7-AA15-73A1236EEA8F}
		{22D71F52-1503-4AC6-BEFF-7375E56C85A5} = {FB7906C2-D5E3-4BC7-AA15-73A1236EEA8F}
	EndGlobalSection
	GlobalSection(ExtensibilityGlobals) = postSolution
		SolutionGuid = {AC447411-B186-45D1-B340-51D2622856DE}
	EndGlobalSection
EndGlobal
